
Microsoft Visual Studio Solution File, Format Version 12.00
# Visual Studio 15
VisualStudioVersion = 15.0.27130.2036
MinimumVisualStudioVersion = 10.0.40219.1
Project("{FAE04EC0-301F-11D3-BF4B-00C04F79EFBC}") = "Program1", "Program1\Program1.csproj", "{ED590F48-CC50-4533-B81B-90B775E1C05C}"
EndProject
Project("{FAE04EC0-301F-11D3-BF4B-00C04F79EFBC}") = "Program2", "Program2\Program2.csproj", "{000C9E94-368E-4E50-A2B2-19EC5395FBA8}"
EndProject
Global
	GlobalSection(SolutionConfigurationPlatforms) = preSolution
		Debug|Any CPU = Debug|Any CPU
		Release|Any CPU = Release|Any CPU
	EndGlobalSection
	GlobalSection(ProjectConfigurationPlatforms) = postSolution
		{ED590F48-CC50-4533-B81B-90B775E1C05C}.Debug|Any CPU.ActiveCfg = Debug|Any CPU
		{ED590F48-CC50-4533-B81B-90B775E1C05C}.Debug|Any CPU.Build.0 = Debug|Any CPU
		{ED590F48-CC50-4533-B81B-90B775E1C05C}.Release|Any CPU.ActiveCfg = Release|Any CPU
		{ED590F48-CC50-4533-B81B-90B775E1C05C}.Release|Any CPU.Build.0 = Release|Any CPU
		{000C9E94-368E-4E50-A2B2-19EC5395FBA8}.Debug|Any CPU.ActiveCfg = Debug|Any CPU
		{000C9E94-368E-4E50-A2B2-19EC5395FBA8}.Debug|Any CPU.Build.0 = Debug|Any CPU
		{000C9E94-368E-4E50-A2B2-19EC5395FBA8}.Release|Any CPU.ActiveCfg = Release|Any CPU
		{000C9E94-368E-4E50-A2B2-19EC5395FBA8}.Release|Any CPU.Build.0 = Release|Any CPU
	EndGlobalSection
	GlobalSection(SolutionProperties) = preSolution
		HideSolutionNode = FALSE
	EndGlobalSection
	GlobalSection(ExtensibilityGlobals) = postSolution
		SolutionGuid = {4F65B859-C0AE-4EFF-84A0-1C66882FD0C7}
	EndGlobalSection
EndGlobal
